{
  "name": "chat-pacote",
  "version": "1.0.0",
  "lockfileVersion": 1,
  "requires": true,
  "dependencies": {
    "@types/node": {
      "version": "14.0.10",
      "resolved": "https://registry.npmjs.org/@types/node/-/node-14.0.10.tgz",
      "integrity": "sha512-Bz23oN/5bi0rniKT24ExLf4cK0JdvN3dH/3k0whYkdN4eI4vS2ZW/2ENNn2uxHCzWcbdHIa/GRuWQytfzCjRYw=="
    },
    "typescript": {
      "version": "3.9.5",
      "resolved": "https://registry.npmjs.org/typescript/-/typescript-3.9.5.tgz",
      "integrity": "sha512-hSAifV3k+i6lEoCJ2k6R2Z/rp/H3+8sdmcn5NrS3/3kE7+RyZXm9aqvxWqjEXHAd8b0pShatpcdMTvEdvAJltQ=="
    }
  }
}
